{
  "provider_schemas": {
    "huaweicloud/huaweicloud": {
      "resource_schemas": {
        "huaweicloud_vpc_subnet_private_ip": {
          "block": {
            "attributes": {
              "device_owner": {
                "type": "string",
                "optional": true,
                "computed": true
              },
              "id": {
                "type": "string",
                "computed": true
              },
              "ip_address": {
                "type": "string",
                "optional": true,
                "computed": true
              },
              "region": {
                "type": "string",
                "computed": true
              },
              "status": {
                "type": "string",
                "computed": true
              },
              "subnet_id": {
                "type": "string",
                "required": true
              }
            }
          },
          "product": {
            "short": "VPC",
            "name": "Virtual Private Cloud",
            "catalog": "Networking",
            "name_cn": "虚拟私有云",
            "catalog_cn": "网络"
          }
        }
      }
    }
  }
}
